
Microsoft Visual Studio Solution File, Format Version 12.00
# Visual Studio 15
VisualStudioVersion = 15.0.27004.2009
MinimumVisualStudioVersion = 10.0.40219.1
Project("{FAE04EC0-301F-11D3-BF4B-00C04F79EFBC}") = "VtiDiscountKeeper", "VtiDiscountKeeper\VtiDiscountKeeper.csproj", "{18BAE3EA-F0D9-42A6-B4C1-26F0EC8661FB}"
EndProject
Global
	GlobalSection(SolutionConfigurationPlatforms) = preSolution
		Debug|Any CPU = Debug|Any CPU
		Release|Any CPU = Release|Any CPU
	EndGlobalSection
	GlobalSection(ProjectConfigurationPlatforms) = postSolution
		{18BAE3EA-F0D9-42A6-B4C1-26F0EC8661FB}.Debug|Any CPU.ActiveCfg = Debug|Any CPU
		{18BAE3EA-F0D9-42A6-B4C1-26F0EC8661FB}.Debug|Any CPU.Build.0 = Debug|Any CPU
		{18BAE3EA-F0D9-42A6-B4C1-26F0EC8661FB}.Release|Any CPU.ActiveCfg = Release|Any CPU
		{18BAE3EA-F0D9-42A6-B4C1-26F0EC8661FB}.Release|Any CPU.Build.0 = Release|Any CPU
	EndGlobalSection
	GlobalSection(SolutionProperties) = preSolution
		HideSolutionNode = FALSE
	EndGlobalSection
	GlobalSection(ExtensibilityGlobals) = postSolution
		SolutionGuid = {D113ACF5-3068-4505-AC9A-BE48BF4F2AB8}
	EndGlobalSection
EndGlobal
